# THIS IS AN AUTOGENERATED FILE. DO NOT EDIT THIS FILE DIRECTLY.
# yarn lockfile v1


"@prisma/cli@^2.0.0-beta.4":
  version "2.0.0-beta.4"
  resolved "https://registry.yarnpkg.com/@prisma/cli/-/cli-2.0.0-beta.4.tgz#4989dab626ba5de0591af1a14f423db4838a5e8c"
  integrity sha512-z9si4cmn/dN7bxVx3hbdDFL6fQuosTzj45EhVrCYt6VCWcJ5jYn0Fzamr+npZvbR/Gl6eLhexXP1sa7iGe8gjA==
